// !$*UTF8*$!
{
	archiveVersion = 1;
	classes = {
	};
	objectVersion = 46;
	objects = {

/* Begin PBXBuildFile section */
		7CFD32321C1B29A0003B4EC1 /* AppDelegate.swift in Sources */ = {isa = PBXBuildFile; fileRef = 7CFD32311C1B29A0003B4EC1 /* AppDelegate.swift */; };
		7CFD32341C1B29A0003B4EC1 /* ViewController.swift in Sources */ = {isa = PBXBuildFile; fileRef = 7CFD32331C1B29A0003B4EC1 /* ViewController.swift */; };
		7CFD32371C1B29A0003B4EC1 /* Main.storyboard in Resources */ = {isa = PBXBuildFile; fileRef = 7CFD32351C1B29A0003B4EC1 /* Main.storyboard */; };
		7CFD32391C1B29A0003B4EC1 /* Images.xcassets in Resources */ = {isa = PBXBuildFile; fileRef = 7CFD32381C1B29A0003B4EC1 /* Images.xcassets */; };
		7CFD323C1C1B29A0003B4EC1 /* LaunchScreen.xib in Resources */ = {isa = PBXBuildFile; fileRef = 7CFD323A1C1B29A0003B4EC1 /* LaunchScreen.xib */; };
		7CFD32481C1B29A0003B4EC1 /* iOSProjectStupidTests.swift in Sources */ = {isa = PBXBuildFile; fileRef = 7CFD32471C1B29A0003B4EC1 /* iOSProjectStupidTests.swift */; };
/* End PBXBuildFile section */

/* Begin PBXContainerItemProxy section */
		7CFD32421C1B29A0003B4EC1 /* PBXContainerItemProxy */ = {
			isa = PBXContainerItemProxy;
			containerPortal = 7CFD32241C1B29A0003B4EC1 /* Project object */;
			proxyType = 1;
			remoteGlobalIDString = 7CFD322B1C1B29A0003B4EC1;
			remoteInfo = iOSProjectStupid;
		};
/* End PBXContainerItemProxy section */

/* Begin PBXFileReference section */
		7CFD322C1C1B29A0003B4EC1 /* iOSProjectStupid.app */ = {isa = PBXFileReference; explicitFileType = wrapper.application; includeInIndex = 0; path = iOSProjectStupid.app; sourceTree = BUILT_PRODUCTS_DIR; };
		7CFD32301C1B29A0003B4EC1 /* Info.plist */ = {isa = PBXFileReference; lastKnownFileType = text.plist.xml; path = Info.plist; sourceTree = "<group>"; };
		7CFD32311C1B29A0003B4EC1 /* AppDelegate.swift */ = {isa = PBXFileReference; lastKnownFileType = sourcecode.swift; path = AppDelegate.swift; sourceTree = "<group>"; };
		7CFD32331C1B29A0003B4EC1 /* ViewController.swift */ = {isa = PBXFileReference; lastKnownFileType = sourcecode.swift; path = ViewController.swift; sourceTree = "<group>"; };
		7CFD32361C1B29A0003B4EC1 /* Base */ = {isa = PBXFileReference; lastKnownFileType = file.storyboard; name = Base; path = Base.lproj/Main.storyboard; sourceTree = "<group>"; };
		7CFD32381C1B29A0003B4EC1 /* Images.xcassets */ = {isa = PBXFileReference; lastKnownFileType = folder.assetcatalog; path = Images.xcassets; sourceTree = "<group>"; };
		7CFD323B1C1B29A0003B4EC1 /* Base */ = {isa = PBXFileReference; lastKnownFileType = file.xib; name = Base; path = Base.lproj/LaunchScreen.xib; sourceTree = "<group>"; };
		7CFD32411C1B29A0003B4EC1 /* iOSProjectStupidTests.xctest */ = {isa = PBXFileReference; explicitFileType = wrapper.cfbundle; includeInIndex = 0; path = iOSProjectStupidTests.xctest; sourceTree = BUILT_PRODUCTS_DIR; };
		7CFD32461C1B29A0003B4EC1 /* Info.plist */ = {isa = PBXFileReference; lastKnownFileType = text.plist.xml; path = Info.plist; sourceTree = "<group>"; };
		7CFD32471C1B29A0003B4EC1 /* iOSProjectStupidTests.swift */ = {isa = PBXFileReference; lastKnownFileType = sourcecode.swift; path = iOSProjectStupidTests.swift; sourceTree = "<group>"; };
/* End PBXFileReference section */

/* Begin PBXFrameworksBuildPhase section */
		7CFD32291C1B29A0003B4EC1 /* Frameworks */ = {
			isa = PBXFrameworksBuildPhase;
			buildActionMask = 2147483647;
			files = (
			);
			runOnlyForDeploymentPostprocessing = 0;
		};
		7CFD323E1C1B29A0003B4EC1 /* Frameworks */ = {
			isa = PBXFrameworksBuildPhase;
			buildActionMask = 2147483647;
			files = (
			);
			runOnlyForDeploymentPostprocessing = 0;
		};
/* End PBXFrameworksBuildPhase section */

/* Begin PBXGroup section */
		7CFD32231C1B29A0003B4EC1 = {
			isa = PBXGroup;
			children = (
				7CFD322E1C1B29A0003B4EC1 /* iOSProjectStupid */,
				7CFD32441C1B29A0003B4EC1 /* iOSProjectStupidTests */,
				7CFD322D1C1B29A0003B4EC1 /* Products */,
			);
			sourceTree = "<group>";
		};
		7CFD322D1C1B29A0003B4EC1 /* Products */ = {
			isa = PBXGroup;
			children = (
				7CFD322C1C1B29A0003B4EC1 /* iOSProjectStupid.app */,
				7CFD32411C1B29A0003B4EC1 /* iOSProjectStupidTests.xctest */,
			);
			name = Products;
			sourceTree = "<group>";
		};
		7CFD322E1C1B29A0003B4EC1 /* iOSProjectStupid */ = {
			isa = PBXGroup;
			children = (
				7CFD32311C1B29A0003B4EC1 /* AppDelegate.swift */,
				7CFD32331C1B29A0003B4EC1 /* ViewController.swift */,
				7CFD32351C1B29A0003B4EC1 /* Main.storyboard */,
				7CFD32381C1B29A0003B4EC1 /* Images.xcassets */,
				7CFD323A1C1B29A0003B4EC1 /* LaunchScreen.xib */,
				7CFD322F1C1B29A0003B4EC1 /* Supporting Files */,
			);
			path = iOSProjectStupid;
			sourceTree = "<group>";
		};
		7CFD322F1C1B29A0003B4EC1 /* Supporting Files */ = {
			isa = PBXGroup;
			children = (
				7CFD32301C1B29A0003B4EC1 /* Info.plist */,
			);
			name = "Supporting Files";
			sourceTree = "<group>";
		};
		7CFD32441C1B29A0003B4EC1 /* iOSProjectStupidTests */ = {
			isa = PBXGroup;
			children = (
				7CFD32471C1B29A0003B4EC1 /* iOSProjectStupidTests.swift */,
				7CFD32451C1B29A0003B4EC1 /* Supporting Files */,
			);
			path = iOSProjectStupidTests;
			sourceTree = "<group>";
		};
		7CFD32451C1B29A0003B4EC1 /* Supporting Files */ = {
			isa = PBXGroup;
			children = (
				7CFD32461C1B29A0003B4EC1 /* Info.plist */,
			);
			name = "Supporting Files";
			sourceTree = "<group>";
		};
/* End PBXGroup section */

/* Begin PBXNativeTarget section */
		7CFD322B1C1B29A0003B4EC1 /* iOSProjectStupid */ = {
			isa = PBXNativeTarget;
			buildConfigurationList = 7CFD324B1C1B29A0003B4EC1 /* Build configuration list for PBXNativeTarget "iOSProjectStupid" */;
			buildPhases = (
				7CFD32281C1B29A0003B4EC1 /* Sources */,
				7CFD32291C1B29A0003B4EC1 /* Frameworks */,
				7CFD322A1C1B29A0003B4EC1 /* Resources */,
			);
			buildRules = (
			);
			dependencies = (
			);
			name = iOSProjectStupid;
			productName = iOSProjectStupid;
			productReference = 7CFD322C1C1B29A0003B4EC1 /* iOSProjectStupid.app */;
			productType = "com.apple.product-type.application";
		};
		7CFD32401C1B29A0003B4EC1 /* iOSProjectStupidTests */ = {
			isa = PBXNativeTarget;
			buildConfigurationList = 7CFD324E1C1B29A0003B4EC1 /* Build configuration list for PBXNativeTarget "iOSProjectStupidTests" */;
			buildPhases = (
				7CFD323D1C1B29A0003B4EC1 /* Sources */,
				7CFD323E1C1B29A0003B4EC1 /* Frameworks */,
				7CFD323F1C1B29A0003B4EC1 /* Resources */,
			);
			buildRules = (
			);
			dependencies = (
				7CFD32431C1B29A0003B4EC1 /* PBXTargetDependency */,
			);
			name = iOSProjectStupidTests;
			productName = iOSProjectStupidTests;
			productReference = 7CFD32411C1B29A0003B4EC1 /* iOSProjectStupidTests.xctest */;
			productType = "com.apple.product-type.bundle.unit-test";
		};
/* End PBXNativeTarget section */

/* Begin PBXProject section */
		7CFD32241C1B29A0003B4EC1 /* Project object */ = {
			isa = PBXProject;
			attributes = {
				LastUpgradeCheck = 0630;
				ORGANIZATIONNAME = CTEC;
				TargetAttributes = {
					7CFD322B1C1B29A0003B4EC1 = {
						CreatedOnToolsVersion = 6.3.2;
					};
					7CFD32401C1B29A0003B4EC1 = {
						CreatedOnToolsVersion = 6.3.2;
						TestTargetID = 7CFD322B1C1B29A0003B4EC1;
					};
				};
			};
			buildConfigurationList = 7CFD32271C1B29A0003B4EC1 /* Build configuration list for PBXProject "iOSProjectStupid" */;
			compatibilityVersion = "Xcode 3.2";
			developmentRegion = English;
			hasScannedForEncodings = 0;
			knownRegions = (
				en,
				Base,
			);
			mainGroup = 7CFD32231C1B29A0003B4EC1;
			productRefGroup = 7CFD322D1C1B29A0003B4EC1 /* Products */;
			projectDirPath = "";
			projectRoot = "";
			targets = (
				7CFD322B1C1B29A0003B4EC1 /* iOSProjectStupid */,
				7CFD32401C1B29A0003B4EC1 /* iOSProjectStupidTests */,
			);
		};
/* End PBXProject section */

/* Begin PBXResourcesBuildPhase section */
		7CFD322A1C1B29A0003B4EC1 /* Resources */ = {
			isa = PBXResourcesBuildPhase;
			buildActionMask = 2147483647;
			files = (
				7CFD32371C1B29A0003B4EC1 /* Main.storyboard in Resources */,
				7CFD323C1C1B29A0003B4EC1 /* LaunchScreen.xib in Resources */,
				7CFD32391C1B29A0003B4EC1 /* Images.xcassets in Resources */,
			);
			runOnlyForDeploymentPostprocessing = 0;
		};
		7CFD323F1C1B29A0003B4EC1 /* Resources */ = {
			isa = PBXResourcesBuildPhase;
			buildActionMask = 2147483647;
			files = (
			);
			runOnlyForDeploymentPostprocessing = 0;
		};
/* End PBXResourcesBuildPhase section */

/* Begin PBXSourcesBuildPhase section */
		7CFD32281C1B29A0003B4EC1 /* Sources */ = {
			isa = PBXSourcesBuildPhase;
			buildActionMask = 2147483647;
			files = (
				7CFD32341C1B29A0003B4EC1 /* ViewController.swift in Sources */,
				7CFD32321C1B29A0003B4EC1 /* AppDelegate.swift in Sources */,
			);
			runOnlyForDeploymentPostprocessing = 0;
		};
		7CFD323D1C1B29A0003B4EC1 /* Sources */ = {
			isa = PBXSourcesBuildPhase;
			buildActionMask = 2147483647;
			files = (
				7CFD32481C1B29A0003B4EC1 /* iOSProjectStupidTests.swift in Sources */,
			);
			runOnlyForDeploymentPostprocessing = 0;
		};
/* End PBXSourcesBuildPhase section */

/* Begin PBXTargetDependency section */
		7CFD32431C1B29A0003B4EC1 /* PBXTargetDependency */ = {
			isa = PBXTargetDependency;
			target = 7CFD322B1C1B29A0003B4EC1 /* iOSProjectStupid */;
			targetProxy = 7CFD32421C1B29A0003B4EC1 /* PBXContainerItemProxy */;
		};
/* End PBXTargetDependency section */

/* Begin PBXVariantGroup section */
		7CFD32351C1B29A0003B4EC1 /* Main.storyboard */ = {
			isa = PBXVariantGroup;
			children = (
				7CFD32361C1B29A0003B4EC1 /* Base */,
			);
			name = Main.storyboard;
			sourceTree = "<group>";
		};
		7CFD323A1C1B29A0003B4EC1 /* LaunchScreen.xib */ = {
			isa = PBXVariantGroup;
			children = (
				7CFD323B1C1B29A0003B4EC1 /* Base */,
			);
			name = LaunchScreen.xib;
			sourceTree = "<group>";
		};
/* End PBXVariantGroup section */

/* Begin XCBuildConfiguration section */
		7CFD32491C1B29A0003B4EC1 /* Debug */ = {
			isa = XCBuildConfiguration;
			buildSettings = {
				ALWAYS_SEARCH_USER_PATHS = NO;
				CLANG_CXX_LANGUAGE_STANDARD = "gnu++0x";
				CLANG_CXX_LIBRARY = "libc++";
				CLANG_ENABLE_MODULES = YES;
				CLANG_ENABLE_OBJC_ARC = YES;
				CLANG_WARN_BOOL_CONVERSION = YES;
				CLANG_WARN_CONSTANT_CONVERSION = YES;
				CLANG_WARN_DIRECT_OBJC_ISA_USAGE = YES_ERROR;
				CLANG_WARN_EMPTY_BODY = YES;
				CLANG_WARN_ENUM_CONVERSION = YES;
				CLANG_WARN_INT_CONVERSION = YES;
				CLANG_WARN_OBJC_ROOT_CLASS = YES_ERROR;
				CLANG_WARN_UNREACHABLE_CODE = YES;
				CLANG_WARN__DUPLICATE_METHOD_MATCH = YES;
				"CODE_SIGN_IDENTITY[sdk=iphoneos*]" = "iPhone Developer";
				COPY_PHASE_STRIP = NO;
				DEBUG_INFORMATION_FORMAT = "dwarf-with-dsym";
				ENABLE_STRICT_OBJC_MSGSEND = YES;
				GCC_C_LANGUAGE_STANDARD = gnu99;
				GCC_DYNAMIC_NO_PIC = NO;
				GCC_NO_COMMON_BLOCKS = YES;
				GCC_OPTIMIZATION_LEVEL = 0;
				GCC_PREPROCESSOR_DEFINITIONS = (
					"DEBUG=1",
					"$(inherited)",
				);
				GCC_SYMBOLS_PRIVATE_EXTERN = NO;
				GCC_WARN_64_TO_32_BIT_CONVERSION = YES;
				GCC_WARN_ABOUT_RETURN_TYPE = YES_ERROR;
				GCC_WARN_UNDECLARED_SELECTOR = YES;
				GCC_WARN_UNINITIALIZED_AUTOS = YES_AGGRESSIVE;
				GCC_WARN_UNUSED_FUNCTION = YES;
				GCC_WARN_UNUSED_VARIABLE = YES;
				IPHONEOS_DEPLOYMENT_TARGET = 8.3;
				MTL_ENABLE_DEBUG_INFO = YES;
				ONLY_ACTIVE_ARCH = YES;
				SDKROOT = iphoneos;
				SWIFT_OPTIMIZATION_LEVEL = "-Onone";
				TARGETED_DEVICE_FAMILY = "1,2";
			};
			name = Debug;
		};
		7CFD324A1C1B29A0003B4EC1 /* Release */ = {
			isa = XCBuildConfiguration;
			buildSettings = {
				ALWAYS_SEARCH_USER_PATHS = NO;
				CLANG_CXX_LANGUAGE_STANDARD = "gnu++0x";
				CLANG_CXX_LIBRARY = "libc++";
				CLANG_ENABLE_MODULES = YES;
				CLANG_ENABLE_OBJC_ARC = YES;
				CLANG_WARN_BOOL_CONVERSION = YES;
				CLANG_WARN_CONSTANT_CONVERSION = YES;
				CLANG_WARN_DIRECT_OBJC_ISA_USAGE = YES_ERROR;
				CLANG_WARN_EMPTY_BODY = YES;
				CLANG_WARN_ENUM_CONVERSION = YES;
				CLANG_WARN_INT_CONVERSION = YES;
				CLANG_WARN_OBJC_ROOT_CLASS = YES_ERROR;
				CLANG_WARN_UNREACHABLE_CODE = YES;
				CLANG_WARN__DUPLICATE_METHOD_MATCH = YES;
				"CODE_SIGN_IDENTITY[sdk=iphoneos*]" = "iPhone Developer";
				COPY_PHASE_STRIP = NO;
				DEBUG_INFORMATION_FORMAT = "dwarf-with-dsym";
				ENABLE_NS_ASSERTIONS = NO;
				ENABLE_STRICT_OBJC_MSGSEND = YES;
				GCC_C_LANGUAGE_STANDARD = gnu99;
				GCC_NO_COMMON_BLOCKS = YES;
				GCC_WARN_64_TO_32_BIT_CONVERSION = YES;
				GCC_WARN_ABOUT_RETURN_TYPE = YES_ERROR;
				GCC_WARN_UNDECLARED_SELECTOR = YES;
				GCC_WARN_UNINITIALIZED_AUTOS = YES_AGGRESSIVE;
				GCC_WARN_UNUSED_FUNCTION = YES;
				GCC_WARN_UNUSED_VARIABLE = YES;
				IPHONEOS_DEPLOYMENT_TARGET = 8.3;
				MTL_ENABLE_DEBUG_INFO = NO;
				SDKROOT = iphoneos;
				TARGETED_DEVICE_FAMILY = "1,2";
				VALIDATE_PRODUCT = YES;
			};
			name = Release;
		};
		7CFD324C1C1B29A0003B4EC1 /* Debug */ = {
			isa = XCBuildConfiguration;
			buildSettings = {
				ASSETCATALOG_COMPILER_APPICON_NAME = AppIcon;
				INFOPLIST_FILE = iOSProjectStupid/Info.plist;
				LD_RUNPATH_SEARCH_PATHS = "$(inherited) @executable_path/Frameworks";
				PRODUCT_NAME = "$(TARGET_NAME)";
			};
			name = Debug;
		};
		7CFD324D1C1B29A0003B4EC1 /* Release */ = {
			isa = XCBuildConfiguration;
			buildSettings = {
				ASSETCATALOG_COMPILER_APPICON_NAME = AppIcon;
				INFOPLIST_FILE = iOSProjectStupid/Info.plist;
				LD_RUNPATH_SEARCH_PATHS = "$(inherited) @executable_path/Frameworks";
				PRODUCT_NAME = "$(TARGET_NAME)";
			};
			name = Release;
		};
		7CFD324F1C1B29A0003B4EC1 /* Debug */ = {
			isa = XCBuildConfiguration;
			buildSettings = {
				BUNDLE_LOADER = "$(TEST_HOST)";
				FRAMEWORK_SEARCH_PATHS = (
					"$(SDKROOT)/Developer/Library/Frameworks",
					"$(inherited)",
				);
				GCC_PREPROCESSOR_DEFINITIONS = (
					"DEBUG=1",
					"$(inherited)",
				);
				INFOPLIST_FILE = iOSProjectStupidTests/Info.plist;
				LD_RUNPATH_SEARCH_PATHS = "$(inherited) @executable_path/Frameworks @loader_path/Frameworks";
				PRODUCT_NAME = "$(TARGET_NAME)";
				TEST_HOST = "$(BUILT_PRODUCTS_DIR)/iOSProjectStupid.app/iOSProjectStupid";
			};
			name = Debug;
		};
		7CFD32501C1B29A0003B4EC1 /* Release */ = {
			isa = XCBuildConfiguration;
			buildSettings = {
				BUNDLE_LOADER = "$(TEST_HOST)";
				FRAMEWORK_SEARCH_PATHS = (
					"$(SDKROOT)/Developer/Library/Frameworks",
					"$(inherited)",
				);
				INFOPLIST_FILE = iOSProjectStupidTests/Info.plist;
				LD_RUNPATH_SEARCH_PATHS = "$(inherited) @executable_path/Frameworks @loader_path/Frameworks";
				PRODUCT_NAME = "$(TARGET_NAME)";
				TEST_HOST = "$(BUILT_PRODUCTS_DIR)/iOSProjectStupid.app/iOSProjectStupid";
			};
			name = Release;
		};
/* End XCBuildConfiguration section */

/* Begin XCConfigurationList section */
		7CFD32271C1B29A0003B4EC1 /* Build configuration list for PBXProject "iOSProjectStupid" */ = {
			isa = XCConfigurationList;
			buildConfigurations = (
				7CFD32491C1B29A0003B4EC1 /* Debug */,
				7CFD324A1C1B29A0003B4EC1 /* Release */,
			);
			defaultConfigurationIsVisible = 0;
			defaultConfigurationName = Release;
		};
		7CFD324B1C1B29A0003B4EC1 /* Build configuration list for PBXNativeTarget "iOSProjectStupid" */ = {
			isa = XCConfigurationList;
			buildConfigurations = (
				7CFD324C1C1B29A0003B4EC1 /* Debug */,
				7CFD324D1C1B29A0003B4EC1 /* Release */,
			);
			defaultConfigurationIsVisible = 0;
		};
		7CFD324E1C1B29A0003B4EC1 /* Build configuration list for PBXNativeTarget "iOSProjectStupidTests" */ = {
			isa = XCConfigurationList;
			buildConfigurations = (
				7CFD324F1C1B29A0003B4EC1 /* Debug */,
				7CFD32501C1B29A0003B4EC1 /* Release */,
			);
			defaultConfigurationIsVisible = 0;
		};
/* End XCConfigurationList section */
	};
	rootObject = 7CFD32241C1B29A0003B4EC1 /* Project object */;
}
